
Microsoft Visual Studio Solution File, Format Version 12.00
# Visual Studio Version 17
VisualStudioVersion = 17.2.32519.379
MinimumVisualStudioVersion = 10.0.40219.1
Project("{2150E333-8FDC-42A3-9474-1A3956D46DE8}") = "1 - Apresentacao", "1 - Apresentacao", "{0D076F58-68FC-472E-B973-7FF5520A57B6}"
EndProject
Project("{2150E333-8FDC-42A3-9474-1A3956D46DE8}") = "2 - Dominio", "2 - Dominio", "{62113367-1EDD-4855-A6B5-ED19596A658E}"
EndProject
Project("{2150E333-8FDC-42A3-9474-1A3956D46DE8}") = "3 - Infra", "3 - Infra", "{3CE3989F-35F2-4859-8EE6-62DED5105F03}"
EndProject
Project("{2150E333-8FDC-42A3-9474-1A3956D46DE8}") = "4 - Testes", "4 - Testes", "{6EDBF6A1-F96E-4B0D-BA67-99FD11811E4F}"
EndProject
Project("{9A19103F-16F7-4668-BE54-9A1E7A4F7556}") = "LocadoraDeVeiculos.Dominio", "LocadoraDeVeiculos.Dominio\LocadoraDeVeiculos.Dominio.csproj", "{1D57FE25-2E57-41E9-BB13-8DAADE5BDFFC}"
EndProject
Project("{9A19103F-16F7-4668-BE54-9A1E7A4F7556}") = "LocadoraDeVeiculos.Infra.BancoDados", "LocadoraDeVeiculos.Infra.BancoDados\LocadoraDeVeiculos.Infra.BancoDados.csproj", "{C857F24A-9F31-49A1-9CEE-4C0D8C27CBA0}"
EndProject
Project("{2150E333-8FDC-42A3-9474-1A3956D46DE8}") = "4.1 - Testes Unitarios", "4.1 - Testes Unitarios", "{0B81B08A-49A1-42DF-BD42-1D5A39E11548}"
EndProject
Project("{2150E333-8FDC-42A3-9474-1A3956D46DE8}") = "4.2 - Testes de Integracao", "4.2 - Testes de Integracao", "{6A7AF5B9-9938-40DB-8A9F-538E6CEE71D6}"
EndProject
Project("{9A19103F-16F7-4668-BE54-9A1E7A4F7556}") = "LocadoraDeVeiculos.Dominio.Tests", "LocadoraDeVeiculos.Dominio.Tests\LocadoraDeVeiculos.Dominio.Tests.csproj", "{B8E1C7BF-E5E3-4757-A3D4-DA1DD8423C82}"
EndProject
Project("{9A19103F-16F7-4668-BE54-9A1E7A4F7556}") = "LocadoraDeVeiculos.Infra.BancoDados.Test", "LocadoraDeVeiculos.Infra.BancoDados.Test\LocadoraDeVeiculos.Infra.BancoDados.Test.csproj", "{396255ED-3929-409D-AA9B-6DAD21349909}"
EndProject
Project("{9A19103F-16F7-4668-BE54-9A1E7A4F7556}") = "LocadoraDeVeiculos.WinApp", "LocadoraDeVeiculos.WinApp\LocadoraDeVeiculos.WinApp.csproj", "{B81AE012-E62C-40B6-B9AE-6EA37465BDD4}"
EndProject
Project("{00D1A9C2-B5F0-4AF3-8072-F6C62B433612}") = "LocadoraDeVeiculosDb", "LocadoraDeVeiculosDb\LocadoraDeVeiculosDb.sqlproj", "{F090FC53-60A2-46E5-AA76-E56998A0CF60}"
EndProject
Global
	GlobalSection(SolutionConfigurationPlatforms) = preSolution
		Debug|Any CPU = Debug|Any CPU
		Release|Any CPU = Release|Any CPU
	EndGlobalSection
	GlobalSection(ProjectConfigurationPlatforms) = postSolution
		{1D57FE25-2E57-41E9-BB13-8DAADE5BDFFC}.Debug|Any CPU.ActiveCfg = Debug|Any CPU
		{1D57FE25-2E57-41E9-BB13-8DAADE5BDFFC}.Debug|Any CPU.Build.0 = Debug|Any CPU
		{1D57FE25-2E57-41E9-BB13-8DAADE5BDFFC}.Release|Any CPU.ActiveCfg = Release|Any CPU
		{1D57FE25-2E57-41E9-BB13-8DAADE5BDFFC}.Release|Any CPU.Build.0 = Release|Any CPU
		{C857F24A-9F31-49A1-9CEE-4C0D8C27CBA0}.Debug|Any CPU.ActiveCfg = Debug|Any CPU
		{C857F24A-9F31-49A1-9CEE-4C0D8C27CBA0}.Debug|Any CPU.Build.0 = Debug|Any CPU
		{C857F24A-9F31-49A1-9CEE-4C0D8C27CBA0}.Release|Any CPU.ActiveCfg = Release|Any CPU
		{C857F24A-9F31-49A1-9CEE-4C0D8C27CBA0}.Release|Any CPU.Build.0 = Release|Any CPU
		{B8E1C7BF-E5E3-4757-A3D4-DA1DD8423C82}.Debug|Any CPU.ActiveCfg = Debug|Any CPU
		{B8E1C7BF-E5E3-4757-A3D4-DA1DD8423C82}.Debug|Any CPU.Build.0 = Debug|Any CPU
		{B8E1C7BF-E5E3-4757-A3D4-DA1DD8423C82}.Release|Any CPU.ActiveCfg = Release|Any CPU
		{B8E1C7BF-E5E3-4757-A3D4-DA1DD8423C82}.Release|Any CPU.Build.0 = Release|Any CPU
		{396255ED-3929-409D-AA9B-6DAD21349909}.Debug|Any CPU.ActiveCfg = Debug|Any CPU
		{396255ED-3929-409D-AA9B-6DAD21349909}.Debug|Any CPU.Build.0 = Debug|Any CPU
		{396255ED-3929-409D-AA9B-6DAD21349909}.Release|Any CPU.ActiveCfg = Release|Any CPU
		{396255ED-3929-409D-AA9B-6DAD21349909}.Release|Any CPU.Build.0 = Release|Any CPU
		{B81AE012-E62C-40B6-B9AE-6EA37465BDD4}.Debug|Any CPU.ActiveCfg = Debug|Any CPU
		{B81AE012-E62C-40B6-B9AE-6EA37465BDD4}.Debug|Any CPU.Build.0 = Debug|Any CPU
		{B81AE012-E62C-40B6-B9AE-6EA37465BDD4}.Release|Any CPU.ActiveCfg = Release|Any CPU
		{B81AE012-E62C-40B6-B9AE-6EA37465BDD4}.Release|Any CPU.Build.0 = Release|Any CPU
		{F090FC53-60A2-46E5-AA76-E56998A0CF60}.Debug|Any CPU.ActiveCfg = Debug|Any CPU
		{F090FC53-60A2-46E5-AA76-E56998A0CF60}.Debug|Any CPU.Build.0 = Debug|Any CPU
		{F090FC53-60A2-46E5-AA76-E56998A0CF60}.Debug|Any CPU.Deploy.0 = Debug|Any CPU
		{F090FC53-60A2-46E5-AA76-E56998A0CF60}.Release|Any CPU.ActiveCfg = Release|Any CPU
		{F090FC53-60A2-46E5-AA76-E56998A0CF60}.Release|Any CPU.Build.0 = Release|Any CPU
		{F090FC53-60A2-46E5-AA76-E56998A0CF60}.Release|Any CPU.Deploy.0 = Release|Any CPU
	EndGlobalSection
	GlobalSection(SolutionProperties) = preSolution
		HideSolutionNode = FALSE
	EndGlobalSection
	GlobalSection(NestedProjects) = preSolution
		{1D57FE25-2E57-41E9-BB13-8DAADE5BDFFC} = {62113367-1EDD-4855-A6B5-ED19596A658E}
		{C857F24A-9F31-49A1-9CEE-4C0D8C27CBA0} = {3CE3989F-35F2-4859-8EE6-62DED5105F03}
		{0B81B08A-49A1-42DF-BD42-1D5A39E11548} = {6EDBF6A1-F96E-4B0D-BA67-99FD11811E4F}
		{6A7AF5B9-9938-40DB-8A9F-538E6CEE71D6} = {6EDBF6A1-F96E-4B0D-BA67-99FD11811E4F}
		{B8E1C7BF-E5E3-4757-A3D4-DA1DD8423C82} = {0B81B08A-49A1-42DF-BD42-1D5A39E11548}
		{396255ED-3929-409D-AA9B-6DAD21349909} = {6A7AF5B9-9938-40DB-8A9F-538E6CEE71D6}
		{B81AE012-E62C-40B6-B9AE-6EA37465BDD4} = {0D076F58-68FC-472E-B973-7FF5520A57B6}
		{F090FC53-60A2-46E5-AA76-E56998A0CF60} = {3CE3989F-35F2-4859-8EE6-62DED5105F03}
	EndGlobalSection
	GlobalSection(ExtensibilityGlobals) = postSolution
		SolutionGuid = {884FD2D4-6309-4072-B46A-2924D72AAF8C}
	EndGlobalSection
EndGlobal
